
Microsoft Visual Studio Solution File, Format Version 12.00
# Visual Studio Version 17
VisualStudioVersion = 17.14.36623.8 d17.14
MinimumVisualStudioVersion = 10.0.40219.1
Project("{FAE04EC0-301F-11D3-BF4B-00C04F79EFBC}") = "EmployeePortal", "EmployeePortal\EmployeePortal.csproj", "{EC581ADD-4332-4C23-BFBA-02C4CE194AA3}"
EndProject
Global
	GlobalSection(SolutionConfigurationPlatforms) = preSolution
		Debug|Any CPU = Debug|Any CPU
		Release|Any CPU = Release|Any CPU
	EndGlobalSection
	GlobalSection(ProjectConfigurationPlatforms) = postSolution
		{EC581ADD-4332-4C23-BFBA-02C4CE194AA3}.Debug|Any CPU.ActiveCfg = Debug|Any CPU
		{EC581ADD-4332-4C23-BFBA-02C4CE194AA3}.Debug|Any CPU.Build.0 = Debug|Any CPU
		{EC581ADD-4332-4C23-BFBA-02C4CE194AA3}.Release|Any CPU.ActiveCfg = Release|Any CPU
		{EC581ADD-4332-4C23-BFBA-02C4CE194AA3}.Release|Any CPU.Build.0 = Release|Any CPU
	EndGlobalSection
	GlobalSection(SolutionProperties) = preSolution
		HideSolutionNode = FALSE
	EndGlobalSection
	GlobalSection(ExtensibilityGlobals) = postSolution
		SolutionGuid = {EA2AF770-A3BE-4CB5-8CF7-079EF19DB979}
	EndGlobalSection
EndGlobal
